// !$*UTF8*$!
{
	archiveVersion = 1;
	classes = {
	};
	objectVersion = 48;
	objects = {

/* Begin PBXBuildFile section */
		1798A7232028023400435008 /* AppDelegate.swift in Sources */ = {isa = PBXBuildFile; fileRef = 1798A7222028023400435008 /* AppDelegate.swift */; };
		1798A7282028023400435008 /* Main.storyboard in Resources */ = {isa = PBXBuildFile; fileRef = 1798A7262028023400435008 /* Main.storyboard */; };
		1798A72A2028023400435008 /* Assets.xcassets in Resources */ = {isa = PBXBuildFile; fileRef = 1798A7292028023400435008 /* Assets.xcassets */; };
		1798A72D2028023400435008 /* LaunchScreen.storyboard in Resources */ = {isa = PBXBuildFile; fileRef = 1798A72B2028023400435008 /* LaunchScreen.storyboard */; };
		1798A7382028023400435008 /* MovieAppTests.swift in Sources */ = {isa = PBXBuildFile; fileRef = 1798A7372028023400435008 /* MovieAppTests.swift */; };
		1798A7432028023400435008 /* MovieAppUITests.swift in Sources */ = {isa = PBXBuildFile; fileRef = 1798A7422028023400435008 /* MovieAppUITests.swift */; };
		1798A7512028025200435008 /* README.md in Resources */ = {isa = PBXBuildFile; fileRef = 1798A7502028025200435008 /* README.md */; };
		1798A7532028074D00435008 /* NowPlayingViewController.swift in Sources */ = {isa = PBXBuildFile; fileRef = 1798A7522028074D00435008 /* NowPlayingViewController.swift */; };
		1798A7592028159F00435008 /* NowPlayingMovieCell.swift in Sources */ = {isa = PBXBuildFile; fileRef = 1798A7582028159F00435008 /* NowPlayingMovieCell.swift */; };
		179F8BEA2093819300AECFE2 /* Movie.swift in Sources */ = {isa = PBXBuildFile; fileRef = 179F8BE92093819300AECFE2 /* Movie.swift */; };
		17C9275B2031417A00A91F4D /* PosterCell.swift in Sources */ = {isa = PBXBuildFile; fileRef = 17C9275A2031417A00A91F4D /* PosterCell.swift */; };
		17C9275D203141EF00A91F4D /* SuperheroViewController.swift in Sources */ = {isa = PBXBuildFile; fileRef = 17C9275C203141EF00A91F4D /* SuperheroViewController.swift */; };
		17D70E42202BC54A005081D2 /* DetailViewController.swift in Sources */ = {isa = PBXBuildFile; fileRef = 17D70E41202BC54A005081D2 /* DetailViewController.swift */; };
		17E989072093925D00546B7E /* MovieApiManager.swift in Sources */ = {isa = PBXBuildFile; fileRef = 17E989062093925D00546B7E /* MovieApiManager.swift */; };
		17E98909209393D200546B7E /* PopularViewController.swift in Sources */ = {isa = PBXBuildFile; fileRef = 17E98908209393D200546B7E /* PopularViewController.swift */; };
		17E9890B209394CF00546B7E /* PopularMovieCell.swift in Sources */ = {isa = PBXBuildFile; fileRef = 17E9890A209394CF00546B7E /* PopularMovieCell.swift */; };
		B3F15F0DB8117FFB4EC48F1F /* Pods_MovieApp.framework in Frameworks */ = {isa = PBXBuildFile; fileRef = 45D784D1058D1A5B96874A68 /* Pods_MovieApp.framework */; };
		D5215E314CA30B1E0268C6E5 /* Pods_MovieAppTests.framework in Frameworks */ = {isa = PBXBuildFile; fileRef = 1E2A03A2F2ED65C6F54A0D80 /* Pods_MovieAppTests.framework */; };
		E7DAB5432B06192273CCBF9B /* Pods_MovieAppUITests.framework in Frameworks */ = {isa = PBXBuildFile; fileRef = FDEC7790079B68157A366E1A /* Pods_MovieAppUITests.framework */; };
/* End PBXBuildFile section */

/* Begin PBXContainerItemProxy section */
		1798A7342028023400435008 /* PBXContainerItemProxy */ = {
			isa = PBXContainerItemProxy;
			containerPortal = 1798A7172028023400435008 /* Project object */;
			proxyType = 1;
			remoteGlobalIDString = 1798A71E2028023400435008;
			remoteInfo = MovieApp;
		};
		1798A73F2028023400435008 /* PBXContainerItemProxy */ = {
			isa = PBXContainerItemProxy;
			containerPortal = 1798A7172028023400435008 /* Project object */;
			proxyType = 1;
			remoteGlobalIDString = 1798A71E2028023400435008;
			remoteInfo = MovieApp;
		};
/* End PBXContainerItemProxy section */

/* Begin PBXFileReference section */
		0997334BC447F8BEDBE9ED84 /* Pods-MovieAppTests.debug.xcconfig */ = {isa = PBXFileReference; includeInIndex = 1; lastKnownFileType = text.xcconfig; name = "Pods-MovieAppTests.debug.xcconfig"; path = "Pods/Target Support Files/Pods-MovieAppTests/Pods-MovieAppTests.debug.xcconfig"; sourceTree = "<group>"; };
		1798A71F2028023400435008 /* MovieApp.app */ = {isa = PBXFileReference; explicitFileType = wrapper.application; includeInIndex = 0; path = MovieApp.app; sourceTree = BUILT_PRODUCTS_DIR; };
		1798A7222028023400435008 /* AppDelegate.swift */ = {isa = PBXFileReference; lastKnownFileType = sourcecode.swift; path = AppDelegate.swift; sourceTree = "<group>"; };
		1798A7272028023400435008 /* Base */ = {isa = PBXFileReference; lastKnownFileType = file.storyboard; name = Base; path = Base.lproj/Main.storyboard; sourceTree = "<group>"; };
		1798A7292028023400435008 /* Assets.xcassets */ = {isa = PBXFileReference; lastKnownFileType = folder.assetcatalog; path = Assets.xcassets; sourceTree = "<group>"; };
		1798A72C2028023400435008 /* Base */ = {isa = PBXFileReference; lastKnownFileType = file.storyboard; name = Base; path = Base.lproj/LaunchScreen.storyboard; sourceTree = "<group>"; };
		1798A72E2028023400435008 /* Info.plist */ = {isa = PBXFileReference; lastKnownFileType = text.plist.xml; path = Info.plist; sourceTree = "<group>"; };
		1798A7332028023400435008 /* MovieAppTests.xctest */ = {isa = PBXFileReference; explicitFileType = wrapper.cfbundle; includeInIndex = 0; path = MovieAppTests.xctest; sourceTree = BUILT_PRODUCTS_DIR; };
		1798A7372028023400435008 /* MovieAppTests.swift */ = {isa = PBXFileReference; lastKnownFileType = sourcecode.swift; path = MovieAppTests.swift; sourceTree = "<group>"; };
		1798A7392028023400435008 /* Info.plist */ = {isa = PBXFileReference; lastKnownFileType = text.plist.xml; path = Info.plist; sourceTree = "<group>"; };
		1798A73E2028023400435008 /* MovieAppUITests.xctest */ = {isa = PBXFileReference; explicitFileType = wrapper.cfbundle; includeInIndex = 0; path = MovieAppUITests.xctest; sourceTree = BUILT_PRODUCTS_DIR; };
		1798A7422028023400435008 /* MovieAppUITests.swift */ = {isa = PBXFileReference; lastKnownFileType = sourcecode.swift; path = MovieAppUITests.swift; sourceTree = "<group>"; };
		1798A7442028023400435008 /* Info.plist */ = {isa = PBXFileReference; lastKnownFileType = text.plist.xml; path = Info.plist; sourceTree = "<group>"; };
		1798A7502028025200435008 /* README.md */ = {isa = PBXFileReference; lastKnownFileType = net.daringfireball.markdown; path = README.md; sourceTree = "<group>"; };
		1798A7522028074D00435008 /* NowPlayingViewController.swift */ = {isa = PBXFileReference; lastKnownFileType = sourcecode.swift; path = NowPlayingViewController.swift; sourceTree = "<group>"; };
		1798A7582028159F00435008 /* NowPlayingMovieCell.swift */ = {isa = PBXFileReference; lastKnownFileType = sourcecode.swift; path = NowPlayingMovieCell.swift; sourceTree = "<group>"; };
		179F8BE92093819300AECFE2 /* Movie.swift */ = {isa = PBXFileReference; lastKnownFileType = sourcecode.swift; path = Movie.swift; sourceTree = "<group>"; };
		17C9275A2031417A00A91F4D /* PosterCell.swift */ = {isa = PBXFileReference; lastKnownFileType = sourcecode.swift; path = PosterCell.swift; sourceTree = "<group>"; };
		17C9275C203141EF00A91F4D /* SuperheroViewController.swift */ = {isa = PBXFileReference; lastKnownFileType = sourcecode.swift; path = SuperheroViewController.swift; sourceTree = "<group>"; };
		17D70E41202BC54A005081D2 /* DetailViewController.swift */ = {isa = PBXFileReference; lastKnownFileType = sourcecode.swift; path = DetailViewController.swift; sourceTree = "<group>"; };
		17E989062093925D00546B7E /* MovieApiManager.swift */ = {isa = PBXFileReference; lastKnownFileType = sourcecode.swift; path = MovieApiManager.swift; sourceTree = "<group>"; };
		17E98908209393D200546B7E /* PopularViewController.swift */ = {isa = PBXFileReference; lastKnownFileType = sourcecode.swift; path = PopularViewController.swift; sourceTree = "<group>"; };
		17E9890A209394CF00546B7E /* PopularMovieCell.swift */ = {isa = PBXFileReference; lastKnownFileType = sourcecode.swift; path = PopularMovieCell.swift; sourceTree = "<group>"; };
		1E2A03A2F2ED65C6F54A0D80 /* Pods_MovieAppTests.framework */ = {isa = PBXFileReference; explicitFileType = wrapper.framework; includeInIndex = 0; path = Pods_MovieAppTests.framework; sourceTree = BUILT_PRODUCTS_DIR; };
		45D784D1058D1A5B96874A68 /* Pods_MovieApp.framework */ = {isa = PBXFileReference; explicitFileType = wrapper.framework; includeInIndex = 0; path = Pods_MovieApp.framework; sourceTree = BUILT_PRODUCTS_DIR; };
		5EB0564969608C9AA94AF1EE /* Pods-MovieAppTests.release.xcconfig */ = {isa = PBXFileReference; includeInIndex = 1; lastKnownFileType = text.xcconfig; name = "Pods-MovieAppTests.release.xcconfig"; path = "Pods/Target Support Files/Pods-MovieAppTests/Pods-MovieAppTests.release.xcconfig"; sourceTree = "<group>"; };
		AEE015E67734DB5B550C255E /* Pods-MovieAppUITests.release.xcconfig */ = {isa = PBXFileReference; includeInIndex = 1; lastKnownFileType = text.xcconfig; name = "Pods-MovieAppUITests.release.xcconfig"; path = "Pods/Target Support Files/Pods-MovieAppUITests/Pods-MovieAppUITests.release.xcconfig"; sourceTree = "<group>"; };
		C653406124A64A1B4BD0271E /* Pods-MovieAppUITests.debug.xcconfig */ = {isa = PBXFileReference; includeInIndex = 1; lastKnownFileType = text.xcconfig; name = "Pods-MovieAppUITests.debug.xcconfig"; path = "Pods/Target Support Files/Pods-MovieAppUITests/Pods-MovieAppUITests.debug.xcconfig"; sourceTree = "<group>"; };
		CAF214B27884F04414A664CD /* Pods-MovieApp.release.xcconfig */ = {isa = PBXFileReference; includeInIndex = 1; lastKnownFileType = text.xcconfig; name = "Pods-MovieApp.release.xcconfig"; path = "Pods/Target Support Files/Pods-MovieApp/Pods-MovieApp.release.xcconfig"; sourceTree = "<group>"; };
		D4A676982F7DE36551A8136B /* Pods-MovieApp.debug.xcconfig */ = {isa = PBXFileReference; includeInIndex = 1; lastKnownFileType = text.xcconfig; name = "Pods-MovieApp.debug.xcconfig"; path = "Pods/Target Support Files/Pods-MovieApp/Pods-MovieApp.debug.xcconfig"; sourceTree = "<group>"; };
		FDEC7790079B68157A366E1A /* Pods_MovieAppUITests.framework */ = {isa = PBXFileReference; explicitFileType = wrapper.framework; includeInIndex = 0; path = Pods_MovieAppUITests.framework; sourceTree = BUILT_PRODUCTS_DIR; };
/* End PBXFileReference section */

/* Begin PBXFrameworksBuildPhase section */
		1798A71C2028023400435008 /* Frameworks */ = {
			isa = PBXFrameworksBuildPhase;
			buildActionMask = 2147483647;
			files = (
				B3F15F0DB8117FFB4EC48F1F /* Pods_MovieApp.framework in Frameworks */,
			);
			runOnlyForDeploymentPostprocessing = 0;
		};
		1798A7302028023400435008 /* Frameworks */ = {
			isa = PBXFrameworksBuildPhase;
			buildActionMask = 2147483647;
			files = (
				D5215E314CA30B1E0268C6E5 /* Pods_MovieAppTests.framework in Frameworks */,
			);
			runOnlyForDeploymentPostprocessing = 0;
		};
		1798A73B2028023400435008 /* Frameworks */ = {
			isa = PBXFrameworksBuildPhase;
			buildActionMask = 2147483647;
			files = (
				E7DAB5432B06192273CCBF9B /* Pods_MovieAppUITests.framework in Frameworks */,
			);
			runOnlyForDeploymentPostprocessing = 0;
		};
/* End PBXFrameworksBuildPhase section */

/* Begin PBXGroup section */
		1798A7162028023400435008 = {
			isa = PBXGroup;
			children = (
				1798A7502028025200435008 /* README.md */,
				1798A7212028023400435008 /* MovieApp */,
				1798A7362028023400435008 /* MovieAppTests */,
				1798A7412028023400435008 /* MovieAppUITests */,
				1798A7202028023400435008 /* Products */,
				1BF74F3EE1978067514B4ECD /* Pods */,
				DCB564F07E9D2FDBB54376E7 /* Frameworks */,
			);
			sourceTree = "<group>";
		};
		1798A7202028023400435008 /* Products */ = {
			isa = PBXGroup;
			children = (
				1798A71F2028023400435008 /* MovieApp.app */,
				1798A7332028023400435008 /* MovieAppTests.xctest */,
				1798A73E2028023400435008 /* MovieAppUITests.xctest */,
			);
			name = Products;
			sourceTree = "<group>";
		};
		1798A7212028023400435008 /* MovieApp */ = {
			isa = PBXGroup;
			children = (
				1798A7522028074D00435008 /* NowPlayingViewController.swift */,
				1798A7582028159F00435008 /* NowPlayingMovieCell.swift */,
				1798A7222028023400435008 /* AppDelegate.swift */,
				1798A7262028023400435008 /* Main.storyboard */,
				17C9275C203141EF00A91F4D /* SuperheroViewController.swift */,
				17C9275A2031417A00A91F4D /* PosterCell.swift */,
				1798A7292028023400435008 /* Assets.xcassets */,
				1798A72B2028023400435008 /* LaunchScreen.storyboard */,
				1798A72E2028023400435008 /* Info.plist */,
				17D70E41202BC54A005081D2 /* DetailViewController.swift */,
				179F8BE92093819300AECFE2 /* Movie.swift */,
				17E989062093925D00546B7E /* MovieApiManager.swift */,
				17E98908209393D200546B7E /* PopularViewController.swift */,
				17E9890A209394CF00546B7E /* PopularMovieCell.swift */,
			);
			path = MovieApp;
			sourceTree = "<group>";
		};
		1798A7362028023400435008 /* MovieAppTests */ = {
			isa = PBXGroup;
			children = (
				1798A7372028023400435008 /* MovieAppTests.swift */,
				1798A7392028023400435008 /* Info.plist */,
			);
			path = MovieAppTests;
			sourceTree = "<group>";
		};
		1798A7412028023400435008 /* MovieAppUITests */ = {
			isa = PBXGroup;
			children = (
				1798A7422028023400435008 /* MovieAppUITests.swift */,
				1798A7442028023400435008 /* Info.plist */,
			);
			path = MovieAppUITests;
			sourceTree = "<group>";
		};
		1BF74F3EE1978067514B4ECD /* Pods */ = {
			isa = PBXGroup;
			children = (
				D4A676982F7DE36551A8136B /* Pods-MovieApp.debug.xcconfig */,
				CAF214B27884F04414A664CD /* Pods-MovieApp.release.xcconfig */,
				0997334BC447F8BEDBE9ED84 /* Pods-MovieAppTests.debug.xcconfig */,
				5EB0564969608C9AA94AF1EE /* Pods-MovieAppTests.release.xcconfig */,
				C653406124A64A1B4BD0271E /* Pods-MovieAppUITests.debug.xcconfig */,
				AEE015E67734DB5B550C255E /* Pods-MovieAppUITests.release.xcconfig */,
			);
			name = Pods;
			sourceTree = "<group>";
		};
		DCB564F07E9D2FDBB54376E7 /* Frameworks */ = {
			isa = PBXGroup;
			children = (
				45D784D1058D1A5B96874A68 /* Pods_MovieApp.framework */,
				1E2A03A2F2ED65C6F54A0D80 /* Pods_MovieAppTests.framework */,
				FDEC7790079B68157A366E1A /* Pods_MovieAppUITests.framework */,
			);
			name = Frameworks;
			sourceTree = "<group>";
		};
/* End PBXGroup section */

/* Begin PBXNativeTarget section */
		1798A71E2028023400435008 /* MovieApp */ = {
			isa = PBXNativeTarget;
			buildConfigurationList = 1798A7472028023400435008 /* Build configuration list for PBXNativeTarget "MovieApp" */;
			buildPhases = (
				7FB8D3633DF6464851895DB9 /* [CP] Check Pods Manifest.lock */,
				1798A71B2028023400435008 /* Sources */,
				1798A71C2028023400435008 /* Frameworks */,
				1798A71D2028023400435008 /* Resources */,
				EE4B99D4D9BD6F0DC3A946CE /* [CP] Embed Pods Frameworks */,
				5EC1FFA077B4D26E8D960EB7 /* [CP] Copy Pods Resources */,
			);
			buildRules = (
			);
			dependencies = (
			);
			name = MovieApp;
			productName = MovieApp;
			productReference = 1798A71F2028023400435008 /* MovieApp.app */;
			productType = "com.apple.product-type.application";
		};
		1798A7322028023400435008 /* MovieAppTests */ = {
			isa = PBXNativeTarget;
			buildConfigurationList = 1798A74A2028023400435008 /* Build configuration list for PBXNativeTarget "MovieAppTests" */;
			buildPhases = (
				2E620595C2C7CD513BDF5E7D /* [CP] Check Pods Manifest.lock */,
				1798A72F2028023400435008 /* Sources */,
				1798A7302028023400435008 /* Frameworks */,
				1798A7312028023400435008 /* Resources */,
				DA5CFDD7BF3B280B69DA4AF0 /* [CP] Embed Pods Frameworks */,
				4750CF07444384FB6C98FD99 /* [CP] Copy Pods Resources */,
			);
			buildRules = (
			);
			dependencies = (
				1798A7352028023400435008 /* PBXTargetDependency */,
			);
			name = MovieAppTests;
			productName = MovieAppTests;
			productReference = 1798A7332028023400435008 /* MovieAppTests.xctest */;
			productType = "com.apple.product-type.bundle.unit-test";
		};
		1798A73D2028023400435008 /* MovieAppUITests */ = {
			isa = PBXNativeTarget;
			buildConfigurationList = 1798A74D2028023400435008 /* Build configuration list for PBXNativeTarget "MovieAppUITests" */;
			buildPhases = (
				03885CDB9296EF9D1A1658F9 /* [CP] Check Pods Manifest.lock */,
				1798A73A2028023400435008 /* Sources */,
				1798A73B2028023400435008 /* Frameworks */,
				1798A73C2028023400435008 /* Resources */,
				80F80998E2DA35060378D39A /* [CP] Embed Pods Frameworks */,
				50D68409A4FFE96A849EF4F3 /* [CP] Copy Pods Resources */,
			);
			buildRules = (
			);
			dependencies = (
				1798A7402028023400435008 /* PBXTargetDependency */,
			);
			name = MovieAppUITests;
			productName = MovieAppUITests;
			productReference = 1798A73E2028023400435008 /* MovieAppUITests.xctest */;
			productType = "com.apple.product-type.bundle.ui-testing";
		};
/* End PBXNativeTarget section */

/* Begin PBXProject section */
		1798A7172028023400435008 /* Project object */ = {
			isa = PBXProject;
			attributes = {
				LastSwiftUpdateCheck = 0920;
				LastUpgradeCheck = 0920;
				ORGANIZATIONNAME = user132893;
				TargetAttributes = {
					1798A71E2028023400435008 = {
						CreatedOnToolsVersion = 9.2;
						ProvisioningStyle = Automatic;
					};
					1798A7322028023400435008 = {
						CreatedOnToolsVersion = 9.2;
						ProvisioningStyle = Automatic;
						TestTargetID = 1798A71E2028023400435008;
					};
					1798A73D2028023400435008 = {
						CreatedOnToolsVersion = 9.2;
						ProvisioningStyle = Automatic;
						TestTargetID = 1798A71E2028023400435008;
					};
				};
			};
			buildConfigurationList = 1798A71A2028023400435008 /* Build configuration list for PBXProject "MovieApp" */;
			compatibilityVersion = "Xcode 8.0";
			developmentRegion = en;
			hasScannedForEncodings = 0;
			knownRegions = (
				en,
				Base,
			);
			mainGroup = 1798A7162028023400435008;
			productRefGroup = 1798A7202028023400435008 /* Products */;
			projectDirPath = "";
			projectRoot = "";
			targets = (
				1798A71E2028023400435008 /* MovieApp */,
				1798A7322028023400435008 /* MovieAppTests */,
				1798A73D2028023400435008 /* MovieAppUITests */,
			);
		};
/* End PBXProject section */

/* Begin PBXResourcesBuildPhase section */
		1798A71D2028023400435008 /* Resources */ = {
			isa = PBXResourcesBuildPhase;
			buildActionMask = 2147483647;
			files = (
				1798A72D2028023400435008 /* LaunchScreen.storyboard in Resources */,
				1798A72A2028023400435008 /* Assets.xcassets in Resources */,
				1798A7512028025200435008 /* README.md in Resources */,
				1798A7282028023400435008 /* Main.storyboard in Resources */,
			);
			runOnlyForDeploymentPostprocessing = 0;
		};
		1798A7312028023400435008 /* Resources */ = {
			isa = PBXResourcesBuildPhase;
			buildActionMask = 2147483647;
			files = (
			);
			runOnlyForDeploymentPostprocessing = 0;
		};
		1798A73C2028023400435008 /* Resources */ = {
			isa = PBXResourcesBuildPhase;
			buildActionMask = 2147483647;
			files = (
			);
			runOnlyForDeploymentPostprocessing = 0;
		};
/* End PBXResourcesBuildPhase section */

/* Begin PBXShellScriptBuildPhase section */
		03885CDB9296EF9D1A1658F9 /* [CP] Check Pods Manifest.lock */ = {
			isa = PBXShellScriptBuildPhase;
			buildActionMask = 2147483647;
			files = (
			);
			inputPaths = (
				"${PODS_PODFILE_DIR_PATH}/Podfile.lock",
				"${PODS_ROOT}/Manifest.lock",
			);
			name = "[CP] Check Pods Manifest.lock";
			outputPaths = (
				"$(DERIVED_FILE_DIR)/Pods-MovieAppUITests-checkManifestLockResult.txt",
			);
			runOnlyForDeploymentPostprocessing = 0;
			shellPath = /bin/sh;
			shellScript = "diff \"${PODS_PODFILE_DIR_PATH}/Podfile.lock\" \"${PODS_ROOT}/Manifest.lock\" > /dev/null\nif [ $? != 0 ] ; then\n    # print error to STDERR\n    echo \"error: The sandbox is not in sync with the Podfile.lock. Run 'pod install' or update your CocoaPods installation.\" >&2\n    exit 1\nfi\n# This output is used by Xcode 'outputs' to avoid re-running this script phase.\necho \"SUCCESS\" > \"${SCRIPT_OUTPUT_FILE_0}\"\n";
			showEnvVarsInLog = 0;
		};
		2E620595C2C7CD513BDF5E7D /* [CP] Check Pods Manifest.lock */ = {
			isa = PBXShellScriptBuildPhase;
			buildActionMask = 2147483647;
			files = (
			);
			inputPaths = (
				"${PODS_PODFILE_DIR_PATH}/Podfile.lock",
				"${PODS_ROOT}/Manifest.lock",
			);
			name = "[CP] Check Pods Manifest.lock";
			outputPaths = (
				"$(DERIVED_FILE_DIR)/Pods-MovieAppTests-checkManifestLockResult.txt",
			);
			runOnlyForDeploymentPostprocessing = 0;
			shellPath = /bin/sh;
			shellScript = "diff \"${PODS_PODFILE_DIR_PATH}/Podfile.lock\" \"${PODS_ROOT}/Manifest.lock\" > /dev/null\nif [ $? != 0 ] ; then\n    # print error to STDERR\n    echo \"error: The sandbox is not in sync with the Podfile.lock. Run 'pod install' or update your CocoaPods installation.\" >&2\n    exit 1\nfi\n# This output is used by Xcode 'outputs' to avoid re-running this script phase.\necho \"SUCCESS\" > \"${SCRIPT_OUTPUT_FILE_0}\"\n";
			showEnvVarsInLog = 0;
		};
		4750CF07444384FB6C98FD99 /* [CP] Copy Pods Resources */ = {
			isa = PBXShellScriptBuildPhase;
			buildActionMask = 2147483647;
			files = (
			);
			inputPaths = (
			);
			name = "[CP] Copy Pods Resources";
			outputPaths = (
			);
			runOnlyForDeploymentPostprocessing = 0;
			shellPath = /bin/sh;
			shellScript = "\"${SRCROOT}/Pods/Target Support Files/Pods-MovieAppTests/Pods-MovieAppTests-resources.sh\"\n";
			showEnvVarsInLog = 0;
		};
		50D68409A4FFE96A849EF4F3 /* [CP] Copy Pods Resources */ = {
			isa = PBXShellScriptBuildPhase;
			buildActionMask = 2147483647;
			files = (
			);
			inputPaths = (
			);
			name = "[CP] Copy Pods Resources";
			outputPaths = (
			);
			runOnlyForDeploymentPostprocessing = 0;
			shellPath = /bin/sh;
			shellScript = "\"${SRCROOT}/Pods/Target Support Files/Pods-MovieAppUITests/Pods-MovieAppUITests-resources.sh\"\n";
			showEnvVarsInLog = 0;
		};
		5EC1FFA077B4D26E8D960EB7 /* [CP] Copy Pods Resources */ = {
			isa = PBXShellScriptBuildPhase;
			buildActionMask = 2147483647;
			files = (
			);
			inputPaths = (
			);
			name = "[CP] Copy Pods Resources";
			outputPaths = (
			);
			runOnlyForDeploymentPostprocessing = 0;
			shellPath = /bin/sh;
			shellScript = "\"${SRCROOT}/Pods/Target Support Files/Pods-MovieApp/Pods-MovieApp-resources.sh\"\n";
			showEnvVarsInLog = 0;
		};
		7FB8D3633DF6464851895DB9 /* [CP] Check Pods Manifest.lock */ = {
			isa = PBXShellScriptBuildPhase;
			buildActionMask = 2147483647;
			files = (
			);
			inputPaths = (
				"${PODS_PODFILE_DIR_PATH}/Podfile.lock",
				"${PODS_ROOT}/Manifest.lock",
			);
			name = "[CP] Check Pods Manifest.lock";
			outputPaths = (
				"$(DERIVED_FILE_DIR)/Pods-MovieApp-checkManifestLockResult.txt",
			);
			runOnlyForDeploymentPostprocessing = 0;
			shellPath = /bin/sh;
			shellScript = "diff \"${PODS_PODFILE_DIR_PATH}/Podfile.lock\" \"${PODS_ROOT}/Manifest.lock\" > /dev/null\nif [ $? != 0 ] ; then\n    # print error to STDERR\n    echo \"error: The sandbox is not in sync with the Podfile.lock. Run 'pod install' or update your CocoaPods installation.\" >&2\n    exit 1\nfi\n# This output is used by Xcode 'outputs' to avoid re-running this script phase.\necho \"SUCCESS\" > \"${SCRIPT_OUTPUT_FILE_0}\"\n";
			showEnvVarsInLog = 0;
		};
		80F80998E2DA35060378D39A /* [CP] Embed Pods Frameworks */ = {
			isa = PBXShellScriptBuildPhase;
			buildActionMask = 2147483647;
			files = (
			);
			inputPaths = (
			);
			name = "[CP] Embed Pods Frameworks";
			outputPaths = (
			);
			runOnlyForDeploymentPostprocessing = 0;
			shellPath = /bin/sh;
			shellScript = "\"${SRCROOT}/Pods/Target Support Files/Pods-MovieAppUITests/Pods-MovieAppUITests-frameworks.sh\"\n";
			showEnvVarsInLog = 0;
		};
		DA5CFDD7BF3B280B69DA4AF0 /* [CP] Embed Pods Frameworks */ = {
			isa = PBXShellScriptBuildPhase;
			buildActionMask = 2147483647;
			files = (
			);
			inputPaths = (
			);
			name = "[CP] Embed Pods Frameworks";
			outputPaths = (
			);
			runOnlyForDeploymentPostprocessing = 0;
			shellPath = /bin/sh;
			shellScript = "\"${SRCROOT}/Pods/Target Support Files/Pods-MovieAppTests/Pods-MovieAppTests-frameworks.sh\"\n";
			showEnvVarsInLog = 0;
		};
		EE4B99D4D9BD6F0DC3A946CE /* [CP] Embed Pods Frameworks */ = {
			isa = PBXShellScriptBuildPhase;
			buildActionMask = 2147483647;
			files = (
			);
			inputPaths = (
				"${SRCROOT}/Pods/Target Support Files/Pods-MovieApp/Pods-MovieApp-frameworks.sh",
				"${BUILT_PRODUCTS_DIR}/Alamofire/Alamofire.framework",
				"${BUILT_PRODUCTS_DIR}/AlamofireImage/AlamofireImage.framework",
			);
			name = "[CP] Embed Pods Frameworks";
			outputPaths = (
				"${TARGET_BUILD_DIR}/${FRAMEWORKS_FOLDER_PATH}/Alamofire.framework",
				"${TARGET_BUILD_DIR}/${FRAMEWORKS_FOLDER_PATH}/AlamofireImage.framework",
			);
			runOnlyForDeploymentPostprocessing = 0;
			shellPath = /bin/sh;
			shellScript = "\"${SRCROOT}/Pods/Target Support Files/Pods-MovieApp/Pods-MovieApp-frameworks.sh\"\n";
			showEnvVarsInLog = 0;
		};
/* End PBXShellScriptBuildPhase section */

/* Begin PBXSourcesBuildPhase section */
		1798A71B2028023400435008 /* Sources */ = {
			isa = PBXSourcesBuildPhase;
			buildActionMask = 2147483647;
			files = (
				179F8BEA2093819300AECFE2 /* Movie.swift in Sources */,
				1798A7532028074D00435008 /* NowPlayingViewController.swift in Sources */,
				17E9890B209394CF00546B7E /* PopularMovieCell.swift in Sources */,
				17C9275B2031417A00A91F4D /* PosterCell.swift in Sources */,
				17E98909209393D200546B7E /* PopularViewController.swift in Sources */,
				17C9275D203141EF00A91F4D /* SuperheroViewController.swift in Sources */,
				1798A7232028023400435008 /* AppDelegate.swift in Sources */,
				17E989072093925D00546B7E /* MovieApiManager.swift in Sources */,
				1798A7592028159F00435008 /* NowPlayingMovieCell.swift in Sources */,
				17D70E42202BC54A005081D2 /* DetailViewController.swift in Sources */,
			);
			runOnlyForDeploymentPostprocessing = 0;
		};
		1798A72F2028023400435008 /* Sources */ = {
			isa = PBXSourcesBuildPhase;
			buildActionMask = 2147483647;
			files = (
				1798A7382028023400435008 /* MovieAppTests.swift in Sources */,
			);
			runOnlyForDeploymentPostprocessing = 0;
		};
		1798A73A2028023400435008 /* Sources */ = {
			isa = PBXSourcesBuildPhase;
			buildActionMask = 2147483647;
			files = (
				1798A7432028023400435008 /* MovieAppUITests.swift in Sources */,
			);
			runOnlyForDeploymentPostprocessing = 0;
		};
/* End PBXSourcesBuildPhase section */

/* Begin PBXTargetDependency section */
		1798A7352028023400435008 /* PBXTargetDependency */ = {
			isa = PBXTargetDependency;
			target = 1798A71E2028023400435008 /* MovieApp */;
			targetProxy = 1798A7342028023400435008 /* PBXContainerItemProxy */;
		};
		1798A7402028023400435008 /* PBXTargetDependency */ = {
			isa = PBXTargetDependency;
			target = 1798A71E2028023400435008 /* MovieApp */;
			targetProxy = 1798A73F2028023400435008 /* PBXContainerItemProxy */;
		};
/* End PBXTargetDependency section */

/* Begin PBXVariantGroup section */
		1798A7262028023400435008 /* Main.storyboard */ = {
			isa = PBXVariantGroup;
			children = (
				1798A7272028023400435008 /* Base */,
			);
			name = Main.storyboard;
			sourceTree = "<group>";
		};
		1798A72B2028023400435008 /* LaunchScreen.storyboard */ = {
			isa = PBXVariantGroup;
			children = (
				1798A72C2028023400435008 /* Base */,
			);
			name = LaunchScreen.storyboard;
			sourceTree = "<group>";
		};
/* End PBXVariantGroup section */

/* Begin XCBuildConfiguration section */
		1798A7452028023400435008 /* Debug */ = {
			isa = XCBuildConfiguration;
			buildSettings = {
				ALWAYS_SEARCH_USER_PATHS = NO;
				CLANG_ANALYZER_NONNULL = YES;
				CLANG_ANALYZER_NUMBER_OBJECT_CONVERSION = YES_AGGRESSIVE;
				CLANG_CXX_LANGUAGE_STANDARD = "gnu++14";
				CLANG_CXX_LIBRARY = "libc++";
				CLANG_ENABLE_MODULES = YES;
				CLANG_ENABLE_OBJC_ARC = YES;
				CLANG_WARN_BLOCK_CAPTURE_AUTORELEASING = YES;
				CLANG_WARN_BOOL_CONVERSION = YES;
				CLANG_WARN_COMMA = YES;
				CLANG_WARN_CONSTANT_CONVERSION = YES;
				CLANG_WARN_DIRECT_OBJC_ISA_USAGE = YES_ERROR;
				CLANG_WARN_DOCUMENTATION_COMMENTS = YES;
				CLANG_WARN_EMPTY_BODY = YES;
				CLANG_WARN_ENUM_CONVERSION = YES;
				CLANG_WARN_INFINITE_RECURSION = YES;
				CLANG_WARN_INT_CONVERSION = YES;
				CLANG_WARN_NON_LITERAL_NULL_CONVERSION = YES;
				CLANG_WARN_OBJC_LITERAL_CONVERSION = YES;
				CLANG_WARN_OBJC_ROOT_CLASS = YES_ERROR;
				CLANG_WARN_RANGE_LOOP_ANALYSIS = YES;
				CLANG_WARN_STRICT_PROTOTYPES = YES;
				CLANG_WARN_SUSPICIOUS_MOVE = YES;
				CLANG_WARN_UNGUARDED_AVAILABILITY = YES_AGGRESSIVE;
				CLANG_WARN_UNREACHABLE_CODE = YES;
				CLANG_WARN__DUPLICATE_METHOD_MATCH = YES;
				CODE_SIGN_IDENTITY = "iPhone Developer";
				COPY_PHASE_STRIP = NO;
				DEBUG_INFORMATION_FORMAT = dwarf;
				ENABLE_STRICT_OBJC_MSGSEND = YES;
				ENABLE_TESTABILITY = YES;
				GCC_C_LANGUAGE_STANDARD = gnu11;
				GCC_DYNAMIC_NO_PIC = NO;
				GCC_NO_COMMON_BLOCKS = YES;
				GCC_OPTIMIZATION_LEVEL = 0;
				GCC_PREPROCESSOR_DEFINITIONS = (
					"DEBUG=1",
					"$(inherited)",
				);
				GCC_WARN_64_TO_32_BIT_CONVERSION = YES;
				GCC_WARN_ABOUT_RETURN_TYPE = YES_ERROR;
				GCC_WARN_UNDECLARED_SELECTOR = YES;
				GCC_WARN_UNINITIALIZED_AUTOS = YES_AGGRESSIVE;
				GCC_WARN_UNUSED_FUNCTION = YES;
				GCC_WARN_UNUSED_VARIABLE = YES;
				IPHONEOS_DEPLOYMENT_TARGET = 11.2;
				MTL_ENABLE_DEBUG_INFO = YES;
				ONLY_ACTIVE_ARCH = YES;
				SDKROOT = iphoneos;
				SWIFT_ACTIVE_COMPILATION_CONDITIONS = DEBUG;
				SWIFT_OPTIMIZATION_LEVEL = "-Onone";
			};
			name = Debug;
		};
		1798A7462028023400435008 /* Release */ = {
			isa = XCBuildConfiguration;
			buildSettings = {
				ALWAYS_SEARCH_USER_PATHS = NO;
				CLANG_ANALYZER_NONNULL = YES;
				CLANG_ANALYZER_NUMBER_OBJECT_CONVERSION = YES_AGGRESSIVE;
				CLANG_CXX_LANGUAGE_STANDARD = "gnu++14";
				CLANG_CXX_LIBRARY = "libc++";
				CLANG_ENABLE_MODULES = YES;
				CLANG_ENABLE_OBJC_ARC = YES;
				CLANG_WARN_BLOCK_CAPTURE_AUTORELEASING = YES;
				CLANG_WARN_BOOL_CONVERSION = YES;
				CLANG_WARN_COMMA = YES;
				CLANG_WARN_CONSTANT_CONVERSION = YES;
				CLANG_WARN_DIRECT_OBJC_ISA_USAGE = YES_ERROR;
				CLANG_WARN_DOCUMENTATION_COMMENTS = YES;
				CLANG_WARN_EMPTY_BODY = YES;
				CLANG_WARN_ENUM_CONVERSION = YES;
				CLANG_WARN_INFINITE_RECURSION = YES;
				CLANG_WARN_INT_CONVERSION = YES;
				CLANG_WARN_NON_LITERAL_NULL_CONVERSION = YES;
				CLANG_WARN_OBJC_LITERAL_CONVERSION = YES;
				CLANG_WARN_OBJC_ROOT_CLASS = YES_ERROR;
				CLANG_WARN_RANGE_LOOP_ANALYSIS = YES;
				CLANG_WARN_STRICT_PROTOTYPES = YES;
				CLANG_WARN_SUSPICIOUS_MOVE = YES;
				CLANG_WARN_UNGUARDED_AVAILABILITY = YES_AGGRESSIVE;
				CLANG_WARN_UNREACHABLE_CODE = YES;
				CLANG_WARN__DUPLICATE_METHOD_MATCH = YES;
				CODE_SIGN_IDENTITY = "iPhone Developer";
				COPY_PHASE_STRIP = NO;
				DEBUG_INFORMATION_FORMAT = "dwarf-with-dsym";
				ENABLE_NS_ASSERTIONS = NO;
				ENABLE_STRICT_OBJC_MSGSEND = YES;
				GCC_C_LANGUAGE_STANDARD = gnu11;
				GCC_NO_COMMON_BLOCKS = YES;
				GCC_WARN_64_TO_32_BIT_CONVERSION = YES;
				GCC_WARN_ABOUT_RETURN_TYPE = YES_ERROR;
				GCC_WARN_UNDECLARED_SELECTOR = YES;
				GCC_WARN_UNINITIALIZED_AUTOS = YES_AGGRESSIVE;
				GCC_WARN_UNUSED_FUNCTION = YES;
				GCC_WARN_UNUSED_VARIABLE = YES;
				IPHONEOS_DEPLOYMENT_TARGET = 11.2;
				MTL_ENABLE_DEBUG_INFO = NO;
				SDKROOT = iphoneos;
				SWIFT_OPTIMIZATION_LEVEL = "-Owholemodule";
				VALIDATE_PRODUCT = YES;
			};
			name = Release;
		};
		1798A7482028023400435008 /* Debug */ = {
			isa = XCBuildConfiguration;
			baseConfigurationReference = D4A676982F7DE36551A8136B /* Pods-MovieApp.debug.xcconfig */;
			buildSettings = {
				ASSETCATALOG_COMPILER_APPICON_NAME = AppIcon;
				CODE_SIGN_STYLE = Automatic;
				INFOPLIST_FILE = MovieApp/Info.plist;
				LD_RUNPATH_SEARCH_PATHS = "$(inherited) @executable_path/Frameworks";
				PRODUCT_BUNDLE_IDENTIFIER = com.cst495.MovieApp;
				PRODUCT_NAME = "$(TARGET_NAME)";
				SWIFT_VERSION = 4.0;
				TARGETED_DEVICE_FAMILY = "1,2";
			};
			name = Debug;
		};
		1798A7492028023400435008 /* Release */ = {
			isa = XCBuildConfiguration;
			baseConfigurationReference = CAF214B27884F04414A664CD /* Pods-MovieApp.release.xcconfig */;
			buildSettings = {
				ASSETCATALOG_COMPILER_APPICON_NAME = AppIcon;
				CODE_SIGN_STYLE = Automatic;
				INFOPLIST_FILE = MovieApp/Info.plist;
				LD_RUNPATH_SEARCH_PATHS = "$(inherited) @executable_path/Frameworks";
				PRODUCT_BUNDLE_IDENTIFIER = com.cst495.MovieApp;
				PRODUCT_NAME = "$(TARGET_NAME)";
				SWIFT_VERSION = 4.0;
				TARGETED_DEVICE_FAMILY = "1,2";
			};
			name = Release;
		};
		1798A74B2028023400435008 /* Debug */ = {
			isa = XCBuildConfiguration;
			baseConfigurationReference = 0997334BC447F8BEDBE9ED84 /* Pods-MovieAppTests.debug.xcconfig */;
			buildSettings = {
				ALWAYS_EMBED_SWIFT_STANDARD_LIBRARIES = YES;
				BUNDLE_LOADER = "$(TEST_HOST)";
				CODE_SIGN_STYLE = Automatic;
				INFOPLIST_FILE = MovieAppTests/Info.plist;
				LD_RUNPATH_SEARCH_PATHS = "$(inherited) @executable_path/Frameworks @loader_path/Frameworks";
				PRODUCT_BUNDLE_IDENTIFIER = com.cst495.MovieAppTests;
				PRODUCT_NAME = "$(TARGET_NAME)";
				SWIFT_VERSION = 4.0;
				TARGETED_DEVICE_FAMILY = "1,2";
				TEST_HOST = "$(BUILT_PRODUCTS_DIR)/MovieApp.app/MovieApp";
			};
			name = Debug;
		};
		1798A74C2028023400435008 /* Release */ = {
			isa = XCBuildConfiguration;
			baseConfigurationReference = 5EB0564969608C9AA94AF1EE /* Pods-MovieAppTests.release.xcconfig */;
			buildSettings = {
				ALWAYS_EMBED_SWIFT_STANDARD_LIBRARIES = YES;
				BUNDLE_LOADER = "$(TEST_HOST)";
				CODE_SIGN_STYLE = Automatic;
				INFOPLIST_FILE = MovieAppTests/Info.plist;
				LD_RUNPATH_SEARCH_PATHS = "$(inherited) @executable_path/Frameworks @loader_path/Frameworks";
				PRODUCT_BUNDLE_IDENTIFIER = com.cst495.MovieAppTests;
				PRODUCT_NAME = "$(TARGET_NAME)";
				SWIFT_VERSION = 4.0;
				TARGETED_DEVICE_FAMILY = "1,2";
				TEST_HOST = "$(BUILT_PRODUCTS_DIR)/MovieApp.app/MovieApp";
			};
			name = Release;
		};
		1798A74E2028023400435008 /* Debug */ = {
			isa = XCBuildConfiguration;
			baseConfigurationReference = C653406124A64A1B4BD0271E /* Pods-MovieAppUITests.debug.xcconfig */;
			buildSettings = {
				ALWAYS_EMBED_SWIFT_STANDARD_LIBRARIES = YES;
				CODE_SIGN_STYLE = Automatic;
				INFOPLIST_FILE = MovieAppUITests/Info.plist;
				LD_RUNPATH_SEARCH_PATHS = "$(inherited) @executable_path/Frameworks @loader_path/Frameworks";
				PRODUCT_BUNDLE_IDENTIFIER = com.cst495.MovieAppUITests;
				PRODUCT_NAME = "$(TARGET_NAME)";
				SWIFT_VERSION = 4.0;
				TARGETED_DEVICE_FAMILY = "1,2";
				TEST_TARGET_NAME = MovieApp;
			};
			name = Debug;
		};
		1798A74F2028023400435008 /* Release */ = {
			isa = XCBuildConfiguration;
			baseConfigurationReference = AEE015E67734DB5B550C255E /* Pods-MovieAppUITests.release.xcconfig */;
			buildSettings = {
				ALWAYS_EMBED_SWIFT_STANDARD_LIBRARIES = YES;
				CODE_SIGN_STYLE = Automatic;
				INFOPLIST_FILE = MovieAppUITests/Info.plist;
				LD_RUNPATH_SEARCH_PATHS = "$(inherited) @executable_path/Frameworks @loader_path/Frameworks";
				PRODUCT_BUNDLE_IDENTIFIER = com.cst495.MovieAppUITests;
				PRODUCT_NAME = "$(TARGET_NAME)";
				SWIFT_VERSION = 4.0;
				TARGETED_DEVICE_FAMILY = "1,2";
				TEST_TARGET_NAME = MovieApp;
			};
			name = Release;
		};
/* End XCBuildConfiguration section */

/* Begin XCConfigurationList section */
		1798A71A2028023400435008 /* Build configuration list for PBXProject "MovieApp" */ = {
			isa = XCConfigurationList;
			buildConfigurations = (
				1798A7452028023400435008 /* Debug */,
				1798A7462028023400435008 /* Release */,
			);
			defaultConfigurationIsVisible = 0;
			defaultConfigurationName = Release;
		};
		1798A7472028023400435008 /* Build configuration list for PBXNativeTarget "MovieApp" */ = {
			isa = XCConfigurationList;
			buildConfigurations = (
				1798A7482028023400435008 /* Debug */,
				1798A7492028023400435008 /* Release */,
			);
			defaultConfigurationIsVisible = 0;
			defaultConfigurationName = Release;
		};
		1798A74A2028023400435008 /* Build configuration list for PBXNativeTarget "MovieAppTests" */ = {
			isa = XCConfigurationList;
			buildConfigurations = (
				1798A74B2028023400435008 /* Debug */,
				1798A74C2028023400435008 /* Release */,
			);
			defaultConfigurationIsVisible = 0;
			defaultConfigurationName = Release;
		};
		1798A74D2028023400435008 /* Build configuration list for PBXNativeTarget "MovieAppUITests" */ = {
			isa = XCConfigurationList;
			buildConfigurations = (
				1798A74E2028023400435008 /* Debug */,
				1798A74F2028023400435008 /* Release */,
			);
			defaultConfigurationIsVisible = 0;
			defaultConfigurationName = Release;
		};
/* End XCConfigurationList section */
	};
	rootObject = 1798A7172028023400435008 /* Project object */;
}
